
Microsoft Visual Studio Solution File, Format Version 12.00
# Visual Studio Version 17
VisualStudioVersion = 17.8.34511.84
MinimumVisualStudioVersion = 10.0.40219.1
Project("{FAE04EC0-301F-11D3-BF4B-00C04F79EFBC}") = "BlackLagoon", "BlackLagoon\BlackLagoon.csproj", "{53B5AF9C-8859-40A9-8CF1-A44EB3B26A1C}"
EndProject
Global
	GlobalSection(SolutionConfigurationPlatforms) = preSolution
		Debug|Any CPU = Debug|Any CPU
		Release|Any CPU = Release|Any CPU
	EndGlobalSection
	GlobalSection(ProjectConfigurationPlatforms) = postSolution
		{53B5AF9C-8859-40A9-8CF1-A44EB3B26A1C}.Debug|Any CPU.ActiveCfg = Debug|Any CPU
		{53B5AF9C-8859-40A9-8CF1-A44EB3B26A1C}.Debug|Any CPU.Build.0 = Debug|Any CPU
		{53B5AF9C-8859-40A9-8CF1-A44EB3B26A1C}.Release|Any CPU.ActiveCfg = Release|Any CPU
		{53B5AF9C-8859-40A9-8CF1-A44EB3B26A1C}.Release|Any CPU.Build.0 = Release|Any CPU
	EndGlobalSection
	GlobalSection(SolutionProperties) = preSolution
		HideSolutionNode = FALSE
	EndGlobalSection
	GlobalSection(ExtensibilityGlobals) = postSolution
		SolutionGuid = {5AF34BA1-5B54-4AE7-AF72-43836A69ABA3}
	EndGlobalSection
EndGlobal
